
Microsoft Visual Studio Solution File, Format Version 12.00
# Visual Studio Version 16
VisualStudioVersion = 16.0.30309.148
MinimumVisualStudioVersion = 10.0.40219.1
Project("{FAE04EC0-301F-11D3-BF4B-00C04F79EFBC}") = "XamarinAppSample.UWP", "XamarinAppSample\XamarinAppSample.UWP\XamarinAppSample.UWP.csproj", "{026234D1-B0C8-4105-B2D9-0BAF49B6EDFC}"
EndProject
Project("{FAE04EC0-301F-11D3-BF4B-00C04F79EFBC}") = "XamarinAppSample.Android", "XamarinAppSample\XamarinAppSample.Android\XamarinAppSample.Android.csproj", "{87A2502B-9415-4963-A691-2423B5B1B75F}"
EndProject
Project("{FAE04EC0-301F-11D3-BF4B-00C04F79EFBC}") = "XamarinAppSample.iOS", "XamarinAppSample\XamarinAppSample.iOS\XamarinAppSample.iOS.csproj", "{AA6E7134-5F77-44D3-8E39-0B034CB635E6}"
EndProject
Project("{FAE04EC0-301F-11D3-BF4B-00C04F79EFBC}") = "XamarinAppSample", "XamarinAppSample\XamarinAppSample\XamarinAppSample.csproj", "{4202B4CE-3678-4ABC-B063-E5DEEBD3CF00}"
EndProject
Global
	GlobalSection(SolutionConfigurationPlatforms) = preSolution
		Debug|Any CPU = Debug|Any CPU
		Debug|ARM = Debug|ARM
		Debug|iPhone = Debug|iPhone
		Debug|iPhoneSimulator = Debug|iPhoneSimulator
		Debug|x64 = Debug|x64
		Debug|x86 = Debug|x86
		Release|Any CPU = Release|Any CPU
		Release|ARM = Release|ARM
		Release|iPhone = Release|iPhone
		Release|iPhoneSimulator = Release|iPhoneSimulator
		Release|x64 = Release|x64
		Release|x86 = Release|x86
	EndGlobalSection
	GlobalSection(ProjectConfigurationPlatforms) = postSolution
		{026234D1-B0C8-4105-B2D9-0BAF49B6EDFC}.Debug|Any CPU.ActiveCfg = Debug|x86
		{026234D1-B0C8-4105-B2D9-0BAF49B6EDFC}.Debug|Any CPU.Build.0 = Debug|x86
		{026234D1-B0C8-4105-B2D9-0BAF49B6EDFC}.Debug|Any CPU.Deploy.0 = Debug|x86
		{026234D1-B0C8-4105-B2D9-0BAF49B6EDFC}.Debug|ARM.ActiveCfg = Debug|ARM
		{026234D1-B0C8-4105-B2D9-0BAF49B6EDFC}.Debug|ARM.Build.0 = Debug|ARM
		{026234D1-B0C8-4105-B2D9-0BAF49B6EDFC}.Debug|ARM.Deploy.0 = Debug|ARM
		{026234D1-B0C8-4105-B2D9-0BAF49B6EDFC}.Debug|iPhone.ActiveCfg = Debug|x86
		{026234D1-B0C8-4105-B2D9-0BAF49B6EDFC}.Debug|iPhone.Build.0 = Debug|x86
		{026234D1-B0C8-4105-B2D9-0BAF49B6EDFC}.Debug|iPhone.Deploy.0 = Debug|x86
		{026234D1-B0C8-4105-B2D9-0BAF49B6EDFC}.Debug|iPhoneSimulator.ActiveCfg = Debug|x86
		{026234D1-B0C8-4105-B2D9-0BAF49B6EDFC}.Debug|iPhoneSimulator.Build.0 = Debug|x86
		{026234D1-B0C8-4105-B2D9-0BAF49B6EDFC}.Debug|iPhoneSimulator.Deploy.0 = Debug|x86
		{026234D1-B0C8-4105-B2D9-0BAF49B6EDFC}.Debug|x64.ActiveCfg = Debug|x64
		{026234D1-B0C8-4105-B2D9-0BAF49B6EDFC}.Debug|x64.Build.0 = Debug|x64
		{026234D1-B0C8-4105-B2D9-0BAF49B6EDFC}.Debug|x64.Deploy.0 = Debug|x64
		{026234D1-B0C8-4105-B2D9-0BAF49B6EDFC}.Debug|x86.ActiveCfg = Debug|x86
		{026234D1-B0C8-4105-B2D9-0BAF49B6EDFC}.Debug|x86.Build.0 = Debug|x86
		{026234D1-B0C8-4105-B2D9-0BAF49B6EDFC}.Debug|x86.Deploy.0 = Debug|x86
		{026234D1-B0C8-4105-B2D9-0BAF49B6EDFC}.Release|Any CPU.ActiveCfg = Release|x86
		{026234D1-B0C8-4105-B2D9-0BAF49B6EDFC}.Release|Any CPU.Build.0 = Release|x86
		{026234D1-B0C8-4105-B2D9-0BAF49B6EDFC}.Release|Any CPU.Deploy.0 = Release|x86
		{026234D1-B0C8-4105-B2D9-0BAF49B6EDFC}.Release|ARM.ActiveCfg = Release|ARM
		{026234D1-B0C8-4105-B2D9-0BAF49B6EDFC}.Release|ARM.Build.0 = Release|ARM
		{026234D1-B0C8-4105-B2D9-0BAF49B6EDFC}.Release|ARM.Deploy.0 = Release|ARM
		{026234D1-B0C8-4105-B2D9-0BAF49B6EDFC}.Release|iPhone.ActiveCfg = Release|x86
		{026234D1-B0C8-4105-B2D9-0BAF49B6EDFC}.Release|iPhone.Build.0 = Release|x86
		{026234D1-B0C8-4105-B2D9-0BAF49B6EDFC}.Release|iPhone.Deploy.0 = Release|x86
		{026234D1-B0C8-4105-B2D9-0BAF49B6EDFC}.Release|iPhoneSimulator.ActiveCfg = Release|x86
		{026234D1-B0C8-4105-B2D9-0BAF49B6EDFC}.Release|iPhoneSimulator.Build.0 = Release|x86
		{026234D1-B0C8-4105-B2D9-0BAF49B6EDFC}.Release|iPhoneSimulator.Deploy.0 = Release|x86
		{026234D1-B0C8-4105-B2D9-0BAF49B6EDFC}.Release|x64.ActiveCfg = Release|x64
		{026234D1-B0C8-4105-B2D9-0BAF49B6EDFC}.Release|x64.Build.0 = Release|x64
		{026234D1-B0C8-4105-B2D9-0BAF49B6EDFC}.Release|x64.Deploy.0 = Release|x64
		{026234D1-B0C8-4105-B2D9-0BAF49B6EDFC}.Release|x86.ActiveCfg = Release|x86
		{026234D1-B0C8-4105-B2D9-0BAF49B6EDFC}.Release|x86.Build.0 = Release|x86
		{026234D1-B0C8-4105-B2D9-0BAF49B6EDFC}.Release|x86.Deploy.0 = Release|x86
		{87A2502B-9415-4963-A691-2423B5B1B75F}.Debug|Any CPU.ActiveCfg = Debug|Any CPU
		{87A2502B-9415-4963-A691-2423B5B1B75F}.Debug|Any CPU.Build.0 = Debug|Any CPU
		{87A2502B-9415-4963-A691-2423B5B1B75F}.Debug|Any CPU.Deploy.0 = Debug|Any CPU
		{87A2502B-9415-4963-A691-2423B5B1B75F}.Debug|ARM.ActiveCfg = Debug|Any CPU
		{87A2502B-9415-4963-A691-2423B5B1B75F}.Debug|ARM.Build.0 = Debug|Any CPU
		{87A2502B-9415-4963-A691-2423B5B1B75F}.Debug|ARM.Deploy.0 = Debug|Any CPU
		{87A2502B-9415-4963-A691-2423B5B1B75F}.Debug|iPhone.ActiveCfg = Debug|Any CPU
		{87A2502B-9415-4963-A691-2423B5B1B75F}.Debug|iPhone.Build.0 = Debug|Any CPU
		{87A2502B-9415-4963-A691-2423B5B1B75F}.Debug|iPhone.Deploy.0 = Debug|Any CPU
		{87A2502B-9415-4963-A691-2423B5B1B75F}.Debug|iPhoneSimulator.ActiveCfg = Debug|Any CPU
		{87A2502B-9415-4963-A691-2423B5B1B75F}.Debug|iPhoneSimulator.Build.0 = Debug|Any CPU
		{87A2502B-9415-4963-A691-2423B5B1B75F}.Debug|iPhoneSimulator.Deploy.0 = Debug|Any CPU
		{87A2502B-9415-4963-A691-2423B5B1B75F}.Debug|x64.ActiveCfg = Debug|Any CPU
		{87A2502B-9415-4963-A691-2423B5B1B75F}.Debug|x64.Build.0 = Debug|Any CPU
		{87A2502B-9415-4963-A691-2423B5B1B75F}.Debug|x64.Deploy.0 = Debug|Any CPU
		{87A2502B-9415-4963-A691-2423B5B1B75F}.Debug|x86.ActiveCfg = Debug|Any CPU
		{87A2502B-9415-4963-A691-2423B5B1B75F}.Debug|x86.Build.0 = Debug|Any CPU
		{87A2502B-9415-4963-A691-2423B5B1B75F}.Debug|x86.Deploy.0 = Debug|Any CPU
		{87A2502B-9415-4963-A691-2423B5B1B75F}.Release|Any CPU.ActiveCfg = Release|Any CPU
		{87A2502B-9415-4963-A691-2423B5B1B75F}.Release|Any CPU.Build.0 = Release|Any CPU
		{87A2502B-9415-4963-A691-2423B5B1B75F}.Release|Any CPU.Deploy.0 = Release|Any CPU
		{87A2502B-9415-4963-A691-2423B5B1B75F}.Release|ARM.ActiveCfg = Release|Any CPU
		{87A2502B-9415-4963-A691-2423B5B1B75F}.Release|ARM.Build.0 = Release|Any CPU
		{87A2502B-9415-4963-A691-2423B5B1B75F}.Release|ARM.Deploy.0 = Release|Any CPU
		{87A2502B-9415-4963-A691-2423B5B1B75F}.Release|iPhone.ActiveCfg = Release|Any CPU
		{87A2502B-9415-4963-A691-2423B5B1B75F}.Release|iPhone.Build.0 = Release|Any CPU
		{87A2502B-9415-4963-A691-2423B5B1B75F}.Release|iPhone.Deploy.0 = Release|Any CPU
		{87A2502B-9415-4963-A691-2423B5B1B75F}.Release|iPhoneSimulator.ActiveCfg = Release|Any CPU
		{87A2502B-9415-4963-A691-2423B5B1B75F}.Release|iPhoneSimulator.Build.0 = Release|Any CPU
		{87A2502B-9415-4963-A691-2423B5B1B75F}.Release|iPhoneSimulator.Deploy.0 = Release|Any CPU
		{87A2502B-9415-4963-A691-2423B5B1B75F}.Release|x64.ActiveCfg = Release|Any CPU
		{87A2502B-9415-4963-A691-2423B5B1B75F}.Release|x64.Build.0 = Release|Any CPU
		{87A2502B-9415-4963-A691-2423B5B1B75F}.Release|x64.Deploy.0 = Release|Any CPU
		{87A2502B-9415-4963-A691-2423B5B1B75F}.Release|x86.ActiveCfg = Release|Any CPU
		{87A2502B-9415-4963-A691-2423B5B1B75F}.Release|x86.Build.0 = Release|Any CPU
		{87A2502B-9415-4963-A691-2423B5B1B75F}.Release|x86.Deploy.0 = Release|Any CPU
		{AA6E7134-5F77-44D3-8E39-0B034CB635E6}.Debug|Any CPU.ActiveCfg = Debug|iPhone
		{AA6E7134-5F77-44D3-8E39-0B034CB635E6}.Debug|Any CPU.Build.0 = Debug|iPhone
		{AA6E7134-5F77-44D3-8E39-0B034CB635E6}.Debug|Any CPU.Deploy.0 = Debug|iPhone
		{AA6E7134-5F77-44D3-8E39-0B034CB635E6}.Debug|ARM.ActiveCfg = Debug|iPhone
		{AA6E7134-5F77-44D3-8E39-0B034CB635E6}.Debug|ARM.Build.0 = Debug|iPhone
		{AA6E7134-5F77-44D3-8E39-0B034CB635E6}.Debug|ARM.Deploy.0 = Debug|iPhone
		{AA6E7134-5F77-44D3-8E39-0B034CB635E6}.Debug|iPhone.ActiveCfg = Debug|iPhone
		{AA6E7134-5F77-44D3-8E39-0B034CB635E6}.Debug|iPhone.Build.0 = Debug|iPhone
		{AA6E7134-5F77-44D3-8E39-0B034CB635E6}.Debug|iPhone.Deploy.0 = Debug|iPhone
		{AA6E7134-5F77-44D3-8E39-0B034CB635E6}.Debug|iPhoneSimulator.ActiveCfg = Debug|iPhoneSimulator
		{AA6E7134-5F77-44D3-8E39-0B034CB635E6}.Debug|iPhoneSimulator.Build.0 = Debug|iPhoneSimulator
		{AA6E7134-5F77-44D3-8E39-0B034CB635E6}.Debug|iPhoneSimulator.Deploy.0 = Debug|iPhoneSimulator
		{AA6E7134-5F77-44D3-8E39-0B034CB635E6}.Debug|x64.ActiveCfg = Debug|iPhone
		{AA6E7134-5F77-44D3-8E39-0B034CB635E6}.Debug|x64.Build.0 = Debug|iPhone
		{AA6E7134-5F77-44D3-8E39-0B034CB635E6}.Debug|x64.Deploy.0 = Debug|iPhone
		{AA6E7134-5F77-44D3-8E39-0B034CB635E6}.Debug|x86.ActiveCfg = Debug|iPhone
		{AA6E7134-5F77-44D3-8E39-0B034CB635E6}.Debug|x86.Build.0 = Debug|iPhone
		{AA6E7134-5F77-44D3-8E39-0B034CB635E6}.Debug|x86.Deploy.0 = Debug|iPhone
		{AA6E7134-5F77-44D3-8E39-0B034CB635E6}.Release|Any CPU.ActiveCfg = Release|iPhone
		{AA6E7134-5F77-44D3-8E39-0B034CB635E6}.Release|Any CPU.Build.0 = Release|iPhone
		{AA6E7134-5F77-44D3-8E39-0B034CB635E6}.Release|Any CPU.Deploy.0 = Release|iPhone
		{AA6E7134-5F77-44D3-8E39-0B034CB635E6}.Release|ARM.ActiveCfg = Release|iPhone
		{AA6E7134-5F77-44D3-8E39-0B034CB635E6}.Release|ARM.Build.0 = Release|iPhone
		{AA6E7134-5F77-44D3-8E39-0B034CB635E6}.Release|ARM.Deploy.0 = Release|iPhone
		{AA6E7134-5F77-44D3-8E39-0B034CB635E6}.Release|iPhone.ActiveCfg = Release|iPhone
		{AA6E7134-5F77-44D3-8E39-0B034CB635E6}.Release|iPhone.Build.0 = Release|iPhone
		{AA6E7134-5F77-44D3-8E39-0B034CB635E6}.Release|iPhone.Deploy.0 = Release|iPhone
		{AA6E7134-5F77-44D3-8E39-0B034CB635E6}.Release|iPhoneSimulator.ActiveCfg = Release|iPhoneSimulator
		{AA6E7134-5F77-44D3-8E39-0B034CB635E6}.Release|iPhoneSimulator.Build.0 = Release|iPhoneSimulator
		{AA6E7134-5F77-44D3-8E39-0B034CB635E6}.Release|iPhoneSimulator.Deploy.0 = Release|iPhoneSimulator
		{AA6E7134-5F77-44D3-8E39-0B034CB635E6}.Release|x64.ActiveCfg = Release|iPhone
		{AA6E7134-5F77-44D3-8E39-0B034CB635E6}.Release|x64.Build.0 = Release|iPhone
		{AA6E7134-5F77-44D3-8E39-0B034CB635E6}.Release|x64.Deploy.0 = Release|iPhone
		{AA6E7134-5F77-44D3-8E39-0B034CB635E6}.Release|x86.ActiveCfg = Release|iPhone
		{AA6E7134-5F77-44D3-8E39-0B034CB635E6}.Release|x86.Build.0 = Release|iPhone
		{AA6E7134-5F77-44D3-8E39-0B034CB635E6}.Release|x86.Deploy.0 = Release|iPhone
		{4202B4CE-3678-4ABC-B063-E5DEEBD3CF00}.Debug|Any CPU.ActiveCfg = Debug|Any CPU
		{4202B4CE-3678-4ABC-B063-E5DEEBD3CF00}.Debug|Any CPU.Build.0 = Debug|Any CPU
		{4202B4CE-3678-4ABC-B063-E5DEEBD3CF00}.Debug|Any CPU.Deploy.0 = Debug|Any CPU
		{4202B4CE-3678-4ABC-B063-E5DEEBD3CF00}.Debug|ARM.ActiveCfg = Debug|Any CPU
		{4202B4CE-3678-4ABC-B063-E5DEEBD3CF00}.Debug|ARM.Build.0 = Debug|Any CPU
		{4202B4CE-3678-4ABC-B063-E5DEEBD3CF00}.Debug|ARM.Deploy.0 = Debug|Any CPU
		{4202B4CE-3678-4ABC-B063-E5DEEBD3CF00}.Debug|iPhone.ActiveCfg = Debug|Any CPU
		{4202B4CE-3678-4ABC-B063-E5DEEBD3CF00}.Debug|iPhone.Build.0 = Debug|Any CPU
		{4202B4CE-3678-4ABC-B063-E5DEEBD3CF00}.Debug|iPhone.Deploy.0 = Debug|Any CPU
		{4202B4CE-3678-4ABC-B063-E5DEEBD3CF00}.Debug|iPhoneSimulator.ActiveCfg = Debug|Any CPU
		{4202B4CE-3678-4ABC-B063-E5DEEBD3CF00}.Debug|iPhoneSimulator.Build.0 = Debug|Any CPU
		{4202B4CE-3678-4ABC-B063-E5DEEBD3CF00}.Debug|iPhoneSimulator.Deploy.0 = Debug|Any CPU
		{4202B4CE-3678-4ABC-B063-E5DEEBD3CF00}.Debug|x64.ActiveCfg = Debug|Any CPU
		{4202B4CE-3678-4ABC-B063-E5DEEBD3CF00}.Debug|x64.Build.0 = Debug|Any CPU
		{4202B4CE-3678-4ABC-B063-E5DEEBD3CF00}.Debug|x64.Deploy.0 = Debug|Any CPU
		{4202B4CE-3678-4ABC-B063-E5DEEBD3CF00}.Debug|x86.ActiveCfg = Debug|Any CPU
		{4202B4CE-3678-4ABC-B063-E5DEEBD3CF00}.Debug|x86.Build.0 = Debug|Any CPU
		{4202B4CE-3678-4ABC-B063-E5DEEBD3CF00}.Debug|x86.Deploy.0 = Debug|Any CPU
		{4202B4CE-3678-4ABC-B063-E5DEEBD3CF00}.Release|Any CPU.ActiveCfg = Release|Any CPU
		{4202B4CE-3678-4ABC-B063-E5DEEBD3CF00}.Release|Any CPU.Build.0 = Release|Any CPU
		{4202B4CE-3678-4ABC-B063-E5DEEBD3CF00}.Release|Any CPU.Deploy.0 = Release|Any CPU
		{4202B4CE-3678-4ABC-B063-E5DEEBD3CF00}.Release|ARM.ActiveCfg = Release|Any CPU
		{4202B4CE-3678-4ABC-B063-E5DEEBD3CF00}.Release|ARM.Build.0 = Release|Any CPU
		{4202B4CE-3678-4ABC-B063-E5DEEBD3CF00}.Release|ARM.Deploy.0 = Release|Any CPU
		{4202B4CE-3678-4ABC-B063-E5DEEBD3CF00}.Release|iPhone.ActiveCfg = Release|Any CPU
		{4202B4CE-3678-4ABC-B063-E5DEEBD3CF00}.Release|iPhone.Build.0 = Release|Any CPU
		{4202B4CE-3678-4ABC-B063-E5DEEBD3CF00}.Release|iPhone.Deploy.0 = Release|Any CPU
		{4202B4CE-3678-4ABC-B063-E5DEEBD3CF00}.Release|iPhoneSimulator.ActiveCfg = Release|Any CPU
		{4202B4CE-3678-4ABC-B063-E5DEEBD3CF00}.Release|iPhoneSimulator.Build.0 = Release|Any CPU
		{4202B4CE-3678-4ABC-B063-E5DEEBD3CF00}.Release|iPhoneSimulator.Deploy.0 = Release|Any CPU
		{4202B4CE-3678-4ABC-B063-E5DEEBD3CF00}.Release|x64.ActiveCfg = Release|Any CPU
		{4202B4CE-3678-4ABC-B063-E5DEEBD3CF00}.Release|x64.Build.0 = Release|Any CPU
		{4202B4CE-3678-4ABC-B063-E5DEEBD3CF00}.Release|x64.Deploy.0 = Release|Any CPU
		{4202B4CE-3678-4ABC-B063-E5DEEBD3CF00}.Release|x86.ActiveCfg = Release|Any CPU
		{4202B4CE-3678-4ABC-B063-E5DEEBD3CF00}.Release|x86.Build.0 = Release|Any CPU
		{4202B4CE-3678-4ABC-B063-E5DEEBD3CF00}.Release|x86.Deploy.0 = Release|Any CPU
	EndGlobalSection
	GlobalSection(SolutionProperties) = preSolution
		HideSolutionNode = FALSE
	EndGlobalSection
	GlobalSection(ExtensibilityGlobals) = postSolution
		SolutionGuid = {F97C1299-994C-44E0-ADDA-7BC7264E4655}
	EndGlobalSection
EndGlobal
